
Microsoft Visual Studio Solution File, Format Version 12.00
# Visual Studio Version 16
VisualStudioVersion = 16.0.29123.88
MinimumVisualStudioVersion = 10.0.40219.1
Project("{9A19103F-16F7-4668-BE54-9A1E7A4F7556}") = "01-AulaPerdida", "01-AulaPerdida\01-AulaPerdida.csproj", "{EB1879A1-8636-467F-B862-1FBC33E368A6}"
EndProject
Global
	GlobalSection(SolutionConfigurationPlatforms) = preSolution
		Debug|Any CPU = Debug|Any CPU
		Release|Any CPU = Release|Any CPU
	EndGlobalSection
	GlobalSection(ProjectConfigurationPlatforms) = postSolution
		{EB1879A1-8636-467F-B862-1FBC33E368A6}.Debug|Any CPU.ActiveCfg = Debug|Any CPU
		{EB1879A1-8636-467F-B862-1FBC33E368A6}.Debug|Any CPU.Build.0 = Debug|Any CPU
		{EB1879A1-8636-467F-B862-1FBC33E368A6}.Release|Any CPU.ActiveCfg = Release|Any CPU
		{EB1879A1-8636-467F-B862-1FBC33E368A6}.Release|Any CPU.Build.0 = Release|Any CPU
	EndGlobalSection
	GlobalSection(SolutionProperties) = preSolution
		HideSolutionNode = FALSE
	EndGlobalSection
	GlobalSection(ExtensibilityGlobals) = postSolution
		SolutionGuid = {1F6A1C62-B7A9-4751-8B00-B3121BD12067}
	EndGlobalSection
EndGlobal
