
Microsoft Visual Studio Solution File, Format Version 12.00
# Visual Studio Version 16
VisualStudioVersion = 16.0.29123.88
MinimumVisualStudioVersion = 10.0.40219.1
Project("{FAE04EC0-301F-11D3-BF4B-00C04F79EFBC}") = "ExercicioFiapGames", "ExercicioFiapGames\ExercicioFiapGames.csproj", "{8D5ED3C3-FA97-49D7-AF94-325B63687B11}"
EndProject
Global
	GlobalSection(SolutionConfigurationPlatforms) = preSolution
		Debug|Any CPU = Debug|Any CPU
		Release|Any CPU = Release|Any CPU
	EndGlobalSection
	GlobalSection(ProjectConfigurationPlatforms) = postSolution
		{8D5ED3C3-FA97-49D7-AF94-325B63687B11}.Debug|Any CPU.ActiveCfg = Debug|Any CPU
		{8D5ED3C3-FA97-49D7-AF94-325B63687B11}.Debug|Any CPU.Build.0 = Debug|Any CPU
		{8D5ED3C3-FA97-49D7-AF94-325B63687B11}.Release|Any CPU.ActiveCfg = Release|Any CPU
		{8D5ED3C3-FA97-49D7-AF94-325B63687B11}.Release|Any CPU.Build.0 = Release|Any CPU
	EndGlobalSection
	GlobalSection(SolutionProperties) = preSolution
		HideSolutionNode = FALSE
	EndGlobalSection
	GlobalSection(ExtensibilityGlobals) = postSolution
		SolutionGuid = {139BE5EA-033E-4C5F-AF40-8DA0CD38F21E}
	EndGlobalSection
EndGlobal
