
Microsoft Visual Studio Solution File, Format Version 12.00
# Visual Studio Version 16
VisualStudioVersion = 16.0.29020.237
MinimumVisualStudioVersion = 10.0.40219.1
Project("{FAE04EC0-301F-11D3-BF4B-00C04F79EFBC}") = "TreinoPS", "TreinoPS\TreinoPS.csproj", "{004F6864-4D59-4162-82AF-3CF0109B22D8}"
EndProject
Global
	GlobalSection(SolutionConfigurationPlatforms) = preSolution
		Debug|Any CPU = Debug|Any CPU
		Release|Any CPU = Release|Any CPU
	EndGlobalSection
	GlobalSection(ProjectConfigurationPlatforms) = postSolution
		{004F6864-4D59-4162-82AF-3CF0109B22D8}.Debug|Any CPU.ActiveCfg = Debug|Any CPU
		{004F6864-4D59-4162-82AF-3CF0109B22D8}.Debug|Any CPU.Build.0 = Debug|Any CPU
		{004F6864-4D59-4162-82AF-3CF0109B22D8}.Release|Any CPU.ActiveCfg = Release|Any CPU
		{004F6864-4D59-4162-82AF-3CF0109B22D8}.Release|Any CPU.Build.0 = Release|Any CPU
	EndGlobalSection
	GlobalSection(SolutionProperties) = preSolution
		HideSolutionNode = FALSE
	EndGlobalSection
	GlobalSection(ExtensibilityGlobals) = postSolution
		SolutionGuid = {A711A228-E743-47DB-BF68-D0D766CEA6FA}
	EndGlobalSection
EndGlobal
